// !$*UTF8*$!
{
	archiveVersion = 1;
	classes = {
	};
	objectVersion = 46;
	objects = {

/* Begin PBXBuildFile section */
		90CAD8001BF42D1C00EECF87 /* main.m in Sources */ = {isa = PBXBuildFile; fileRef = 90CAD7FF1BF42D1C00EECF87 /* main.m */; };
		90CAD8031BF42D1C00EECF87 /* AppDelegate.m in Sources */ = {isa = PBXBuildFile; fileRef = 90CAD8021BF42D1C00EECF87 /* AppDelegate.m */; };
		90CAD8061BF42D1C00EECF87 /* ViewController.m in Sources */ = {isa = PBXBuildFile; fileRef = 90CAD8051BF42D1C00EECF87 /* ViewController.m */; };
		90CAD8091BF42D1D00EECF87 /* Main.storyboard in Resources */ = {isa = PBXBuildFile; fileRef = 90CAD8071BF42D1D00EECF87 /* Main.storyboard */; };
		90CAD80B1BF42D1D00EECF87 /* Assets.xcassets in Resources */ = {isa = PBXBuildFile; fileRef = 90CAD80A1BF42D1D00EECF87 /* Assets.xcassets */; };
		90CAD80E1BF42D1D00EECF87 /* LaunchScreen.storyboard in Resources */ = {isa = PBXBuildFile; fileRef = 90CAD80C1BF42D1D00EECF87 /* LaunchScreen.storyboard */; };
		90CAD8171BF4305500EECF87 /* PYPerson.m in Sources */ = {isa = PBXBuildFile; fileRef = 90CAD8161BF4305500EECF87 /* PYPerson.m */; settings = {ASSET_TAGS = (); }; };
/* End PBXBuildFile section */

/* Begin PBXFileReference section */
		90CAD7FB1BF42D1C00EECF87 /* runtimeTest.app */ = {isa = PBXFileReference; explicitFileType = wrapper.application; includeInIndex = 0; path = runtimeTest.app; sourceTree = BUILT_PRODUCTS_DIR; };
		90CAD7FF1BF42D1C00EECF87 /* main.m */ = {isa = PBXFileReference; lastKnownFileType = sourcecode.c.objc; path = main.m; sourceTree = "<group>"; };
		90CAD8011BF42D1C00EECF87 /* AppDelegate.h */ = {isa = PBXFileReference; lastKnownFileType = sourcecode.c.h; path = AppDelegate.h; sourceTree = "<group>"; };
		90CAD8021BF42D1C00EECF87 /* AppDelegate.m */ = {isa = PBXFileReference; lastKnownFileType = sourcecode.c.objc; path = AppDelegate.m; sourceTree = "<group>"; };
		90CAD8041BF42D1C00EECF87 /* ViewController.h */ = {isa = PBXFileReference; lastKnownFileType = sourcecode.c.h; path = ViewController.h; sourceTree = "<group>"; };
		90CAD8051BF42D1C00EECF87 /* ViewController.m */ = {isa = PBXFileReference; lastKnownFileType = sourcecode.c.objc; path = ViewController.m; sourceTree = "<group>"; };
		90CAD8081BF42D1D00EECF87 /* Base */ = {isa = PBXFileReference; lastKnownFileType = file.storyboard; name = Base; path = Base.lproj/Main.storyboard; sourceTree = "<group>"; };
		90CAD80A1BF42D1D00EECF87 /* Assets.xcassets */ = {isa = PBXFileReference; lastKnownFileType = folder.assetcatalog; path = Assets.xcassets; sourceTree = "<group>"; };
		90CAD80D1BF42D1D00EECF87 /* Base */ = {isa = PBXFileReference; lastKnownFileType = file.storyboard; name = Base; path = Base.lproj/LaunchScreen.storyboard; sourceTree = "<group>"; };
		90CAD80F1BF42D1D00EECF87 /* Info.plist */ = {isa = PBXFileReference; lastKnownFileType = text.plist.xml; path = Info.plist; sourceTree = "<group>"; };
		90CAD8151BF4305500EECF87 /* PYPerson.h */ = {isa = PBXFileReference; fileEncoding = 4; lastKnownFileType = sourcecode.c.h; path = PYPerson.h; sourceTree = "<group>"; };
		90CAD8161BF4305500EECF87 /* PYPerson.m */ = {isa = PBXFileReference; fileEncoding = 4; lastKnownFileType = sourcecode.c.objc; path = PYPerson.m; sourceTree = "<group>"; };
/* End PBXFileReference section */

/* Begin PBXFrameworksBuildPhase section */
		90CAD7F81BF42D1C00EECF87 /* Frameworks */ = {
			isa = PBXFrameworksBuildPhase;
			buildActionMask = 2147483647;
			files = (
			);
			runOnlyForDeploymentPostprocessing = 0;
		};
/* End PBXFrameworksBuildPhase section */

/* Begin PBXGroup section */
		90CAD7F21BF42D1C00EECF87 = {
			isa = PBXGroup;
			children = (
				90CAD7FD1BF42D1C00EECF87 /* runtimeTest */,
				90CAD7FC1BF42D1C00EECF87 /* Products */,
			);
			sourceTree = "<group>";
		};
		90CAD7FC1BF42D1C00EECF87 /* Products */ = {
			isa = PBXGroup;
			children = (
				90CAD7FB1BF42D1C00EECF87 /* runtimeTest.app */,
			);
			name = Products;
			sourceTree = "<group>";
		};
		90CAD7FD1BF42D1C00EECF87 /* runtimeTest */ = {
			isa = PBXGroup;
			children = (
				90CAD8151BF4305500EECF87 /* PYPerson.h */,
				90CAD8161BF4305500EECF87 /* PYPerson.m */,
				90CAD8011BF42D1C00EECF87 /* AppDelegate.h */,
				90CAD8021BF42D1C00EECF87 /* AppDelegate.m */,
				90CAD8041BF42D1C00EECF87 /* ViewController.h */,
				90CAD8051BF42D1C00EECF87 /* ViewController.m */,
				90CAD8071BF42D1D00EECF87 /* Main.storyboard */,
				90CAD80A1BF42D1D00EECF87 /* Assets.xcassets */,
				90CAD80C1BF42D1D00EECF87 /* LaunchScreen.storyboard */,
				90CAD80F1BF42D1D00EECF87 /* Info.plist */,
				90CAD7FE1BF42D1C00EECF87 /* Supporting Files */,
			);
			path = runtimeTest;
			sourceTree = "<group>";
		};
		90CAD7FE1BF42D1C00EECF87 /* Supporting Files */ = {
			isa = PBXGroup;
			children = (
				90CAD7FF1BF42D1C00EECF87 /* main.m */,
			);
			name = "Supporting Files";
			sourceTree = "<group>";
		};
/* End PBXGroup section */

/* Begin PBXNativeTarget section */
		90CAD7FA1BF42D1C00EECF87 /* runtimeTest */ = {
			isa = PBXNativeTarget;
			buildConfigurationList = 90CAD8121BF42D1D00EECF87 /* Build configuration list for PBXNativeTarget "runtimeTest" */;
			buildPhases = (
				90CAD7F71BF42D1C00EECF87 /* Sources */,
				90CAD7F81BF42D1C00EECF87 /* Frameworks */,
				90CAD7F91BF42D1C00EECF87 /* Resources */,
			);
			buildRules = (
			);
			dependencies = (
			);
			name = runtimeTest;
			productName = runtimeTest;
			productReference = 90CAD7FB1BF42D1C00EECF87 /* runtimeTest.app */;
			productType = "com.apple.product-type.application";
		};
/* End PBXNativeTarget section */

/* Begin PBXProject section */
		90CAD7F31BF42D1C00EECF87 /* Project object */ = {
			isa = PBXProject;
			attributes = {
				LastUpgradeCheck = 0700;
				ORGANIZATIONNAME = xian;
				TargetAttributes = {
					90CAD7FA1BF42D1C00EECF87 = {
						CreatedOnToolsVersion = 7.0.1;
					};
				};
			};
			buildConfigurationList = 90CAD7F61BF42D1C00EECF87 /* Build configuration list for PBXProject "runtimeTest" */;
			compatibilityVersion = "Xcode 3.2";
			developmentRegion = English;
			hasScannedForEncodings = 0;
			knownRegions = (
				en,
				Base,
			);
			mainGroup = 90CAD7F21BF42D1C00EECF87;
			productRefGroup = 90CAD7FC1BF42D1C00EECF87 /* Products */;
			projectDirPath = "";
			projectRoot = "";
			targets = (
				90CAD7FA1BF42D1C00EECF87 /* runtimeTest */,
			);
		};
/* End PBXProject section */

/* Begin PBXResourcesBuildPhase section */
		90CAD7F91BF42D1C00EECF87 /* Resources */ = {
			isa = PBXResourcesBuildPhase;
			buildActionMask = 2147483647;
			files = (
				90CAD80E1BF42D1D00EECF87 /* LaunchScreen.storyboard in Resources */,
				90CAD80B1BF42D1D00EECF87 /* Assets.xcassets in Resources */,
				90CAD8091BF42D1D00EECF87 /* Main.storyboard in Resources */,
			);
			runOnlyForDeploymentPostprocessing = 0;
		};
/* End PBXResourcesBuildPhase section */

/* Begin PBXSourcesBuildPhase section */
		90CAD7F71BF42D1C00EECF87 /* Sources */ = {
			isa = PBXSourcesBuildPhase;
			buildActionMask = 2147483647;
			files = (
				90CAD8061BF42D1C00EECF87 /* ViewController.m in Sources */,
				90CAD8171BF4305500EECF87 /* PYPerson.m in Sources */,
				90CAD8031BF42D1C00EECF87 /* AppDelegate.m in Sources */,
				90CAD8001BF42D1C00EECF87 /* main.m in Sources */,
			);
			runOnlyForDeploymentPostprocessing = 0;
		};
/* End PBXSourcesBuildPhase section */

/* Begin PBXVariantGroup section */
		90CAD8071BF42D1D00EECF87 /* Main.storyboard */ = {
			isa = PBXVariantGroup;
			children = (
				90CAD8081BF42D1D00EECF87 /* Base */,
			);
			name = Main.storyboard;
			sourceTree = "<group>";
		};
		90CAD80C1BF42D1D00EECF87 /* LaunchScreen.storyboard */ = {
			isa = PBXVariantGroup;
			children = (
				90CAD80D1BF42D1D00EECF87 /* Base */,
			);
			name = LaunchScreen.storyboard;
			sourceTree = "<group>";
		};
/* End PBXVariantGroup section */

/* Begin XCBuildConfiguration section */
		90CAD8101BF42D1D00EECF87 /* Debug */ = {
			isa = XCBuildConfiguration;
			buildSettings = {
				ALWAYS_SEARCH_USER_PATHS = NO;
				CLANG_CXX_LANGUAGE_STANDARD = "gnu++0x";
				CLANG_CXX_LIBRARY = "libc++";
				CLANG_ENABLE_MODULES = YES;
				CLANG_ENABLE_OBJC_ARC = YES;
				CLANG_WARN_BOOL_CONVERSION = YES;
				CLANG_WARN_CONSTANT_CONVERSION = YES;
				CLANG_WARN_DIRECT_OBJC_ISA_USAGE = YES_ERROR;
				CLANG_WARN_EMPTY_BODY = YES;
				CLANG_WARN_ENUM_CONVERSION = YES;
				CLANG_WARN_INT_CONVERSION = YES;
				CLANG_WARN_OBJC_ROOT_CLASS = YES_ERROR;
				CLANG_WARN_UNREACHABLE_CODE = YES;
				CLANG_WARN__DUPLICATE_METHOD_MATCH = YES;
				"CODE_SIGN_IDENTITY[sdk=iphoneos*]" = "iPhone Developer";
				COPY_PHASE_STRIP = NO;
				DEBUG_INFORMATION_FORMAT = dwarf;
				ENABLE_STRICT_OBJC_MSGSEND = YES;
				ENABLE_TESTABILITY = YES;
				GCC_C_LANGUAGE_STANDARD = gnu99;
				GCC_DYNAMIC_NO_PIC = NO;
				GCC_NO_COMMON_BLOCKS = YES;
				GCC_OPTIMIZATION_LEVEL = 0;
				GCC_PREPROCESSOR_DEFINITIONS = (
					"DEBUG=1",
					"$(inherited)",
				);
				GCC_WARN_64_TO_32_BIT_CONVERSION = YES;
				GCC_WARN_ABOUT_RETURN_TYPE = YES_ERROR;
				GCC_WARN_UNDECLARED_SELECTOR = YES;
				GCC_WARN_UNINITIALIZED_AUTOS = YES_AGGRESSIVE;
				GCC_WARN_UNUSED_FUNCTION = YES;
				GCC_WARN_UNUSED_VARIABLE = YES;
				IPHONEOS_DEPLOYMENT_TARGET = 9.0;
				MTL_ENABLE_DEBUG_INFO = YES;
				ONLY_ACTIVE_ARCH = YES;
				SDKROOT = iphoneos;
				TARGETED_DEVICE_FAMILY = "1,2";
			};
			name = Debug;
		};
		90CAD8111BF42D1D00EECF87 /* Release */ = {
			isa = XCBuildConfiguration;
			buildSettings = {
				ALWAYS_SEARCH_USER_PATHS = NO;
				CLANG_CXX_LANGUAGE_STANDARD = "gnu++0x";
				CLANG_CXX_LIBRARY = "libc++";
				CLANG_ENABLE_MODULES = YES;
				CLANG_ENABLE_OBJC_ARC = YES;
				CLANG_WARN_BOOL_CONVERSION = YES;
				CLANG_WARN_CONSTANT_CONVERSION = YES;
				CLANG_WARN_DIRECT_OBJC_ISA_USAGE = YES_ERROR;
				CLANG_WARN_EMPTY_BODY = YES;
				CLANG_WARN_ENUM_CONVERSION = YES;
				CLANG_WARN_INT_CONVERSION = YES;
				CLANG_WARN_OBJC_ROOT_CLASS = YES_ERROR;
				CLANG_WARN_UNREACHABLE_CODE = YES;
				CLANG_WARN__DUPLICATE_METHOD_MATCH = YES;
				"CODE_SIGN_IDENTITY[sdk=iphoneos*]" = "iPhone Developer";
				COPY_PHASE_STRIP = NO;
				DEBUG_INFORMATION_FORMAT = "dwarf-with-dsym";
				ENABLE_NS_ASSERTIONS = NO;
				ENABLE_STRICT_OBJC_MSGSEND = YES;
				GCC_C_LANGUAGE_STANDARD = gnu99;
				GCC_NO_COMMON_BLOCKS = YES;
				GCC_WARN_64_TO_32_BIT_CONVERSION = YES;
				GCC_WARN_ABOUT_RETURN_TYPE = YES_ERROR;
				GCC_WARN_UNDECLARED_SELECTOR = YES;
				GCC_WARN_UNINITIALIZED_AUTOS = YES_AGGRESSIVE;
				GCC_WARN_UNUSED_FUNCTION = YES;
				GCC_WARN_UNUSED_VARIABLE = YES;
				IPHONEOS_DEPLOYMENT_TARGET = 9.0;
				MTL_ENABLE_DEBUG_INFO = NO;
				SDKROOT = iphoneos;
				TARGETED_DEVICE_FAMILY = "1,2";
				VALIDATE_PRODUCT = YES;
			};
			name = Release;
		};
		90CAD8131BF42D1D00EECF87 /* Debug */ = {
			isa = XCBuildConfiguration;
			buildSettings = {
				ASSETCATALOG_COMPILER_APPICON_NAME = AppIcon;
				INFOPLIST_FILE = runtimeTest/Info.plist;
				LD_RUNPATH_SEARCH_PATHS = "$(inherited) @executable_path/Frameworks";
				PRODUCT_BUNDLE_IDENTIFIER = com.test.com.runtimeTest;
				PRODUCT_NAME = "$(TARGET_NAME)";
			};
			name = Debug;
		};
		90CAD8141BF42D1D00EECF87 /* Release */ = {
			isa = XCBuildConfiguration;
			buildSettings = {
				ASSETCATALOG_COMPILER_APPICON_NAME = AppIcon;
				INFOPLIST_FILE = runtimeTest/Info.plist;
				LD_RUNPATH_SEARCH_PATHS = "$(inherited) @executable_path/Frameworks";
				PRODUCT_BUNDLE_IDENTIFIER = com.test.com.runtimeTest;
				PRODUCT_NAME = "$(TARGET_NAME)";
			};
			name = Release;
		};
/* End XCBuildConfiguration section */

/* Begin XCConfigurationList section */
		90CAD7F61BF42D1C00EECF87 /* Build configuration list for PBXProject "runtimeTest" */ = {
			isa = XCConfigurationList;
			buildConfigurations = (
				90CAD8101BF42D1D00EECF87 /* Debug */,
				90CAD8111BF42D1D00EECF87 /* Release */,
			);
			defaultConfigurationIsVisible = 0;
			defaultConfigurationName = Release;
		};
		90CAD8121BF42D1D00EECF87 /* Build configuration list for PBXNativeTarget "runtimeTest" */ = {
			isa = XCConfigurationList;
			buildConfigurations = (
				90CAD8131BF42D1D00EECF87 /* Debug */,
				90CAD8141BF42D1D00EECF87 /* Release */,
			);
			defaultConfigurationIsVisible = 0;
		};
/* End XCConfigurationList section */
	};
	rootObject = 90CAD7F31BF42D1C00EECF87 /* Project object */;
}
